
Microsoft Visual Studio Solution File, Format Version 12.00
# Visual Studio Version 17
VisualStudioVersion = 17.14.37012.4 d17.14
MinimumVisualStudioVersion = 10.0.40219.1
Project("{FAE04EC0-301F-11D3-BF4B-00C04F79EFBC}") = "CodeReviewAssistant", "CodeReviewAssistant.csproj", "{F4AD6B2D-7221-4ED4-AC3D-6CA791AFB2DD}"
EndProject
Global
	GlobalSection(SolutionConfigurationPlatforms) = preSolution
		Debug|Any CPU = Debug|Any CPU
		Release|Any CPU = Release|Any CPU
	EndGlobalSection
	GlobalSection(ProjectConfigurationPlatforms) = postSolution
		{F4AD6B2D-7221-4ED4-AC3D-6CA791AFB2DD}.Debug|Any CPU.ActiveCfg = Debug|Any CPU
		{F4AD6B2D-7221-4ED4-AC3D-6CA791AFB2DD}.Debug|Any CPU.Build.0 = Debug|Any CPU
		{F4AD6B2D-7221-4ED4-AC3D-6CA791AFB2DD}.Release|Any CPU.ActiveCfg = Release|Any CPU
		{F4AD6B2D-7221-4ED4-AC3D-6CA791AFB2DD}.Release|Any CPU.Build.0 = Release|Any CPU
	EndGlobalSection
	GlobalSection(SolutionProperties) = preSolution
		HideSolutionNode = FALSE
	EndGlobalSection
	GlobalSection(ExtensibilityGlobals) = postSolution
		SolutionGuid = {D31C01B0-D8F2-4FD3-BA83-C9A87818D435}
	EndGlobalSection
EndGlobal
